
Microsoft Visual Studio Solution File, Format Version 12.00
# Visual Studio Version 17
VisualStudioVersion = 17.8.34330.188
MinimumVisualStudioVersion = 10.0.40219.1
Project("{9A19103F-16F7-4668-BE54-9A1E7A4F7556}") = "ConnectFour", "ConnectFour\ConnectFour.csproj", "{50A75655-7432-4E6E-83FA-196AE7451A9B}"
EndProject
Project("{9A19103F-16F7-4668-BE54-9A1E7A4F7556}") = "ConnectFour.Test", "ConnectFour.Test\ConnectFour.Test.csproj", "{66F33E85-18A1-4C96-8585-169239F23850}"
EndProject
Project("{FAE04EC0-301F-11D3-BF4B-00C04F79EFBC}") = "Authentication", "Authentication\Authentication.csproj", "{30B30355-552A-4EC2-A3AA-942F666C7229}"
EndProject
Global
	GlobalSection(SolutionConfigurationPlatforms) = preSolution
		Debug|Any CPU = Debug|Any CPU
		Release|Any CPU = Release|Any CPU
	EndGlobalSection
	GlobalSection(ProjectConfigurationPlatforms) = postSolution
		{50A75655-7432-4E6E-83FA-196AE7451A9B}.Debug|Any CPU.ActiveCfg = Debug|Any CPU
		{50A75655-7432-4E6E-83FA-196AE7451A9B}.Debug|Any CPU.Build.0 = Debug|Any CPU
		{50A75655-7432-4E6E-83FA-196AE7451A9B}.Release|Any CPU.ActiveCfg = Release|Any CPU
		{50A75655-7432-4E6E-83FA-196AE7451A9B}.Release|Any CPU.Build.0 = Release|Any CPU
		{66F33E85-18A1-4C96-8585-169239F23850}.Debug|Any CPU.ActiveCfg = Debug|Any CPU
		{66F33E85-18A1-4C96-8585-169239F23850}.Debug|Any CPU.Build.0 = Debug|Any CPU
		{66F33E85-18A1-4C96-8585-169239F23850}.Release|Any CPU.ActiveCfg = Release|Any CPU
		{66F33E85-18A1-4C96-8585-169239F23850}.Release|Any CPU.Build.0 = Release|Any CPU
		{30B30355-552A-4EC2-A3AA-942F666C7229}.Debug|Any CPU.ActiveCfg = Debug|Any CPU
		{30B30355-552A-4EC2-A3AA-942F666C7229}.Debug|Any CPU.Build.0 = Debug|Any CPU
		{30B30355-552A-4EC2-A3AA-942F666C7229}.Release|Any CPU.ActiveCfg = Release|Any CPU
		{30B30355-552A-4EC2-A3AA-942F666C7229}.Release|Any CPU.Build.0 = Release|Any CPU
	EndGlobalSection
	GlobalSection(SolutionProperties) = preSolution
		HideSolutionNode = FALSE
	EndGlobalSection
	GlobalSection(ExtensibilityGlobals) = postSolution
		SolutionGuid = {E5C4272D-DD58-4EB8-A438-9E1B3182E067}
	EndGlobalSection
EndGlobal
